
Microsoft Visual Studio Solution File, Format Version 12.00
# Visual Studio 15
VisualStudioVersion = 15.0.28307.779
MinimumVisualStudioVersion = 10.0.40219.1
Project("{FAE04EC0-301F-11D3-BF4B-00C04F79EFBC}") = "jQuery", "jQuery\jQuery.csproj", "{22E23279-D43B-4E06-A23F-8A6C3C1B7DDB}"
EndProject
Global
	GlobalSection(SolutionConfigurationPlatforms) = preSolution
		Debug|Any CPU = Debug|Any CPU
		Release|Any CPU = Release|Any CPU
	EndGlobalSection
	GlobalSection(ProjectConfigurationPlatforms) = postSolution
		{22E23279-D43B-4E06-A23F-8A6C3C1B7DDB}.Debug|Any CPU.ActiveCfg = Debug|Any CPU
		{22E23279-D43B-4E06-A23F-8A6C3C1B7DDB}.Debug|Any CPU.Build.0 = Debug|Any CPU
		{22E23279-D43B-4E06-A23F-8A6C3C1B7DDB}.Release|Any CPU.ActiveCfg = Release|Any CPU
		{22E23279-D43B-4E06-A23F-8A6C3C1B7DDB}.Release|Any CPU.Build.0 = Release|Any CPU
	EndGlobalSection
	GlobalSection(SolutionProperties) = preSolution
		HideSolutionNode = FALSE
	EndGlobalSection
	GlobalSection(ExtensibilityGlobals) = postSolution
		SolutionGuid = {000C746E-8B21-442A-A20A-9886FD1D495B}
	EndGlobalSection
EndGlobal
